
Microsoft Visual Studio Solution File, Format Version 12.00
# Visual Studio Version 17
VisualStudioVersion = 17.5.33502.453
MinimumVisualStudioVersion = 10.0.40219.1
Project("{FAE04EC0-301F-11D3-BF4B-00C04F79EFBC}") = "WPF ZooManger", "WPF ZooManger\WPF ZooManger.csproj", "{F6232AAB-3B07-446E-8DC5-408EFCDA41B2}"
EndProject
Global
	GlobalSection(SolutionConfigurationPlatforms) = preSolution
		Debug|Any CPU = Debug|Any CPU
		Release|Any CPU = Release|Any CPU
	EndGlobalSection
	GlobalSection(ProjectConfigurationPlatforms) = postSolution
		{F6232AAB-3B07-446E-8DC5-408EFCDA41B2}.Debug|Any CPU.ActiveCfg = Debug|Any CPU
		{F6232AAB-3B07-446E-8DC5-408EFCDA41B2}.Debug|Any CPU.Build.0 = Debug|Any CPU
		{F6232AAB-3B07-446E-8DC5-408EFCDA41B2}.Release|Any CPU.ActiveCfg = Release|Any CPU
		{F6232AAB-3B07-446E-8DC5-408EFCDA41B2}.Release|Any CPU.Build.0 = Release|Any CPU
	EndGlobalSection
	GlobalSection(SolutionProperties) = preSolution
		HideSolutionNode = FALSE
	EndGlobalSection
	GlobalSection(ExtensibilityGlobals) = postSolution
		SolutionGuid = {D3ECEAE4-0BB3-4AE7-895B-99D14C1AA479}
	EndGlobalSection
EndGlobal
